
Microsoft Visual Studio Solution File, Format Version 12.00
# Visual Studio Version 16
VisualStudioVersion = 16.0.29709.97
MinimumVisualStudioVersion = 10.0.40219.1
Project("{FAE04EC0-301F-11D3-BF4B-00C04F79EFBC}") = "MarsRover", "MarsRover\MarsRover.csproj", "{077E421F-DD01-4FBD-A274-6F4EB1C82D6E}"
EndProject
Global
	GlobalSection(SolutionConfigurationPlatforms) = preSolution
		Debug|Any CPU = Debug|Any CPU
		Release|Any CPU = Release|Any CPU
	EndGlobalSection
	GlobalSection(ProjectConfigurationPlatforms) = postSolution
		{077E421F-DD01-4FBD-A274-6F4EB1C82D6E}.Debug|Any CPU.ActiveCfg = Debug|Any CPU
		{077E421F-DD01-4FBD-A274-6F4EB1C82D6E}.Debug|Any CPU.Build.0 = Debug|Any CPU
		{077E421F-DD01-4FBD-A274-6F4EB1C82D6E}.Release|Any CPU.ActiveCfg = Release|Any CPU
		{077E421F-DD01-4FBD-A274-6F4EB1C82D6E}.Release|Any CPU.Build.0 = Release|Any CPU
	EndGlobalSection
	GlobalSection(SolutionProperties) = preSolution
		HideSolutionNode = FALSE
	EndGlobalSection
	GlobalSection(ExtensibilityGlobals) = postSolution
		SolutionGuid = {2E77ED28-0DA4-45A1-90A6-5B3BC808B705}
	EndGlobalSection
EndGlobal
